
Microsoft Visual Studio Solution File, Format Version 12.00
# Visual Studio Version 16
VisualStudioVersion = 16.0.31112.23
MinimumVisualStudioVersion = 10.0.40219.1
Project("{FAE04EC0-301F-11D3-BF4B-00C04F79EFBC}") = "SortingAlgorithems", "SortingAlgorithems\SortingAlgorithems.csproj", "{9F093374-9F62-44FA-9400-9D6D2C010221}"
EndProject
Global
	GlobalSection(SolutionConfigurationPlatforms) = preSolution
		Debug|Any CPU = Debug|Any CPU
		Release|Any CPU = Release|Any CPU
	EndGlobalSection
	GlobalSection(ProjectConfigurationPlatforms) = postSolution
		{9F093374-9F62-44FA-9400-9D6D2C010221}.Debug|Any CPU.ActiveCfg = Debug|Any CPU
		{9F093374-9F62-44FA-9400-9D6D2C010221}.Debug|Any CPU.Build.0 = Debug|Any CPU
		{9F093374-9F62-44FA-9400-9D6D2C010221}.Release|Any CPU.ActiveCfg = Release|Any CPU
		{9F093374-9F62-44FA-9400-9D6D2C010221}.Release|Any CPU.Build.0 = Release|Any CPU
	EndGlobalSection
	GlobalSection(SolutionProperties) = preSolution
		HideSolutionNode = FALSE
	EndGlobalSection
	GlobalSection(ExtensibilityGlobals) = postSolution
		SolutionGuid = {F35E4665-E2FD-48EA-913C-752152A44182}
	EndGlobalSection
EndGlobal
